
Microsoft Visual Studio Solution File, Format Version 12.00
# Visual Studio 15
VisualStudioVersion = 15.0.28010.2046
MinimumVisualStudioVersion = 10.0.40219.1
Project("{FAE04EC0-301F-11D3-BF4B-00C04F79EFBC}") = "NGit", "NGit\NGit.csproj", "{F147F19C-02C4-45BE-95F5-574CAEB43526}"
EndProject
Global
	GlobalSection(SolutionConfigurationPlatforms) = preSolution
		Debug|Any CPU = Debug|Any CPU
		Release|Any CPU = Release|Any CPU
	EndGlobalSection
	GlobalSection(ProjectConfigurationPlatforms) = postSolution
		{F147F19C-02C4-45BE-95F5-574CAEB43526}.Debug|Any CPU.ActiveCfg = Debug|Any CPU
		{F147F19C-02C4-45BE-95F5-574CAEB43526}.Debug|Any CPU.Build.0 = Debug|Any CPU
		{F147F19C-02C4-45BE-95F5-574CAEB43526}.Release|Any CPU.ActiveCfg = Release|Any CPU
		{F147F19C-02C4-45BE-95F5-574CAEB43526}.Release|Any CPU.Build.0 = Release|Any CPU
	EndGlobalSection
	GlobalSection(SolutionProperties) = preSolution
		HideSolutionNode = FALSE
	EndGlobalSection
	GlobalSection(ExtensibilityGlobals) = postSolution
		SolutionGuid = {ACE44F16-AC8B-4E2A-8E69-A6812C22A9E2}
	EndGlobalSection
EndGlobal
